// !$*UTF8*$!
{
	archiveVersion = 1;
	classes = {
	};
	objectVersion = 77;
	objects = {

/* Begin PBXBuildFile section */
		B00596662CB1EFA600F74C36 /* .gitignore in Resources */ = {isa = PBXBuildFile; fileRef = B00596652CB1EF9C00F74C36 /* .gitignore */; };
		B005966A2CB1F0E100F74C36 /* .env in Resources */ = {isa = PBXBuildFile; fileRef = B00596692CB1F0DC00F74C36 /* .env */; };
		B04840F42CB1CDCF0037110A /* FirebaseAuth in Frameworks */ = {isa = PBXBuildFile; productRef = B04840F32CB1CDCF0037110A /* FirebaseAuth */; };
		B04840F62CB1CDCF0037110A /* FirebaseCore in Frameworks */ = {isa = PBXBuildFile; productRef = B04840F52CB1CDCF0037110A /* FirebaseCore */; };
		B04840F82CB1CDCF0037110A /* FirebaseFirestore in Frameworks */ = {isa = PBXBuildFile; productRef = B04840F72CB1CDCF0037110A /* FirebaseFirestore */; };
		B0A6026E2CBC799B00EA9780 /* GoogleSignIn in Frameworks */ = {isa = PBXBuildFile; productRef = B0A6026D2CBC799B00EA9780 /* GoogleSignIn */; };
		B0A602702CBC799B00EA9780 /* GoogleSignInSwift in Frameworks */ = {isa = PBXBuildFile; productRef = B0A6026F2CBC799B00EA9780 /* GoogleSignInSwift */; };
		B0A602722CBC7DAE00EA9780 /* GoogleService-Info.plist in Resources */ = {isa = PBXBuildFile; fileRef = B0A602712CBC7DAE00EA9780 /* GoogleService-Info.plist */; };
		B0A602732CBC7DAE00EA9780 /* GoogleService-Info.plist in Resources */ = {isa = PBXBuildFile; fileRef = B0A602712CBC7DAE00EA9780 /* GoogleService-Info.plist */; };
		B0A602742CBC7DAE00EA9780 /* GoogleService-Info.plist in Resources */ = {isa = PBXBuildFile; fileRef = B0A602712CBC7DAE00EA9780 /* GoogleService-Info.plist */; };
/* End PBXBuildFile section */

/* Begin PBXContainerItemProxy section */
		B04840D62CB1CBB60037110A /* PBXContainerItemProxy */ = {
			isa = PBXContainerItemProxy;
			containerPortal = B04840BD2CB1CBB40037110A /* Project object */;
			proxyType = 1;
			remoteGlobalIDString = B04840C42CB1CBB40037110A;
			remoteInfo = giftApp;
		};
		B04840E02CB1CBB60037110A /* PBXContainerItemProxy */ = {
			isa = PBXContainerItemProxy;
			containerPortal = B04840BD2CB1CBB40037110A /* Project object */;
			proxyType = 1;
			remoteGlobalIDString = B04840C42CB1CBB40037110A;
			remoteInfo = giftApp;
		};
/* End PBXContainerItemProxy section */

/* Begin PBXFileReference section */
		B00596652CB1EF9C00F74C36 /* .gitignore */ = {isa = PBXFileReference; lastKnownFileType = text; path = .gitignore; sourceTree = "<group>"; };
		B00596692CB1F0DC00F74C36 /* .env */ = {isa = PBXFileReference; lastKnownFileType = text; path = .env; sourceTree = "<group>"; };
		B04840C52CB1CBB40037110A /* giftApp.app */ = {isa = PBXFileReference; explicitFileType = wrapper.application; includeInIndex = 0; path = giftApp.app; sourceTree = BUILT_PRODUCTS_DIR; };
		B04840D52CB1CBB60037110A /* giftAppTests.xctest */ = {isa = PBXFileReference; explicitFileType = wrapper.cfbundle; includeInIndex = 0; path = giftAppTests.xctest; sourceTree = BUILT_PRODUCTS_DIR; };
		B04840DF2CB1CBB60037110A /* giftAppUITests.xctest */ = {isa = PBXFileReference; explicitFileType = wrapper.cfbundle; includeInIndex = 0; path = giftAppUITests.xctest; sourceTree = BUILT_PRODUCTS_DIR; };
		B0A602712CBC7DAE00EA9780 /* GoogleService-Info.plist */ = {isa = PBXFileReference; lastKnownFileType = text.plist.xml; path = "GoogleService-Info.plist"; sourceTree = "<group>"; };
/* End PBXFileReference section */

/* Begin PBXFileSystemSynchronizedBuildFileExceptionSet section */
		B0A6026B2CBC785500EA9780 /* Exceptions for "giftApp" folder in "giftApp" target */ = {
			isa = PBXFileSystemSynchronizedBuildFileExceptionSet;
			membershipExceptions = (
				Info.plist,
			);
			target = B04840C42CB1CBB40037110A /* giftApp */;
		};
/* End PBXFileSystemSynchronizedBuildFileExceptionSet section */

/* Begin PBXFileSystemSynchronizedRootGroup section */
		B04840C72CB1CBB40037110A /* giftApp */ = {
			isa = PBXFileSystemSynchronizedRootGroup;
			exceptions = (
				B0A6026B2CBC785500EA9780 /* Exceptions for "giftApp" folder in "giftApp" target */,
			);
			path = giftApp;
			sourceTree = "<group>";
		};
		B04840D82CB1CBB60037110A /* giftAppTests */ = {
			isa = PBXFileSystemSynchronizedRootGroup;
			path = giftAppTests;
			sourceTree = "<group>";
		};
		B04840E22CB1CBB60037110A /* giftAppUITests */ = {
			isa = PBXFileSystemSynchronizedRootGroup;
			path = giftAppUITests;
			sourceTree = "<group>";
		};
		B0B016EE2CC1583000136432 /* Auth */ = {
			isa = PBXFileSystemSynchronizedRootGroup;
			path = Auth;
			sourceTree = "<group>";
		};
/* End PBXFileSystemSynchronizedRootGroup section */

/* Begin PBXFrameworksBuildPhase section */
		B04840C22CB1CBB40037110A /* Frameworks */ = {
			isa = PBXFrameworksBuildPhase;
			buildActionMask = 2147483647;
			files = (
				B0A602702CBC799B00EA9780 /* GoogleSignInSwift in Frameworks */,
				B04840F62CB1CDCF0037110A /* FirebaseCore in Frameworks */,
				B0A6026E2CBC799B00EA9780 /* GoogleSignIn in Frameworks */,
				B04840F42CB1CDCF0037110A /* FirebaseAuth in Frameworks */,
				B04840F82CB1CDCF0037110A /* FirebaseFirestore in Frameworks */,
			);
			runOnlyForDeploymentPostprocessing = 0;
		};
		B04840D22CB1CBB60037110A /* Frameworks */ = {
			isa = PBXFrameworksBuildPhase;
			buildActionMask = 2147483647;
			files = (
			);
			runOnlyForDeploymentPostprocessing = 0;
		};
		B04840DC2CB1CBB60037110A /* Frameworks */ = {
			isa = PBXFrameworksBuildPhase;
			buildActionMask = 2147483647;
			files = (
			);
			runOnlyForDeploymentPostprocessing = 0;
		};
/* End PBXFrameworksBuildPhase section */

/* Begin PBXGroup section */
		B04840BC2CB1CBB40037110A = {
			isa = PBXGroup;
			children = (
				B00596692CB1F0DC00F74C36 /* .env */,
				B00596652CB1EF9C00F74C36 /* .gitignore */,
				B0B016EE2CC1583000136432 /* Auth */,
				B04840C72CB1CBB40037110A /* giftApp */,
				B04840D82CB1CBB60037110A /* giftAppTests */,
				B04840E22CB1CBB60037110A /* giftAppUITests */,
				B04840C62CB1CBB40037110A /* Products */,
				B0A602712CBC7DAE00EA9780 /* GoogleService-Info.plist */,
			);
			sourceTree = "<group>";
		};
		B04840C62CB1CBB40037110A /* Products */ = {
			isa = PBXGroup;
			children = (
				B04840C52CB1CBB40037110A /* giftApp.app */,
				B04840D52CB1CBB60037110A /* giftAppTests.xctest */,
				B04840DF2CB1CBB60037110A /* giftAppUITests.xctest */,
			);
			name = Products;
			sourceTree = "<group>";
		};
/* End PBXGroup section */

/* Begin PBXNativeTarget section */
		B04840C42CB1CBB40037110A /* giftApp */ = {
			isa = PBXNativeTarget;
			buildConfigurationList = B04840E92CB1CBB60037110A /* Build configuration list for PBXNativeTarget "giftApp" */;
			buildPhases = (
				B04840C12CB1CBB40037110A /* Sources */,
				B04840C22CB1CBB40037110A /* Frameworks */,
				B04840C32CB1CBB40037110A /* Resources */,
			);
			buildRules = (
			);
			dependencies = (
			);
			fileSystemSynchronizedGroups = (
				B04840C72CB1CBB40037110A /* giftApp */,
				B0B016EE2CC1583000136432 /* Auth */,
			);
			name = giftApp;
			packageProductDependencies = (
				B04840F32CB1CDCF0037110A /* FirebaseAuth */,
				B04840F52CB1CDCF0037110A /* FirebaseCore */,
				B04840F72CB1CDCF0037110A /* FirebaseFirestore */,
				B0A6026D2CBC799B00EA9780 /* GoogleSignIn */,
				B0A6026F2CBC799B00EA9780 /* GoogleSignInSwift */,
			);
			productName = giftApp;
			productReference = B04840C52CB1CBB40037110A /* giftApp.app */;
			productType = "com.apple.product-type.application";
		};
		B04840D42CB1CBB60037110A /* giftAppTests */ = {
			isa = PBXNativeTarget;
			buildConfigurationList = B04840EC2CB1CBB60037110A /* Build configuration list for PBXNativeTarget "giftAppTests" */;
			buildPhases = (
				B04840D12CB1CBB60037110A /* Sources */,
				B04840D22CB1CBB60037110A /* Frameworks */,
				B04840D32CB1CBB60037110A /* Resources */,
			);
			buildRules = (
			);
			dependencies = (
				B04840D72CB1CBB60037110A /* PBXTargetDependency */,
			);
			fileSystemSynchronizedGroups = (
				B04840D82CB1CBB60037110A /* giftAppTests */,
			);
			name = giftAppTests;
			packageProductDependencies = (
			);
			productName = giftAppTests;
			productReference = B04840D52CB1CBB60037110A /* giftAppTests.xctest */;
			productType = "com.apple.product-type.bundle.unit-test";
		};
		B04840DE2CB1CBB60037110A /* giftAppUITests */ = {
			isa = PBXNativeTarget;
			buildConfigurationList = B04840EF2CB1CBB60037110A /* Build configuration list for PBXNativeTarget "giftAppUITests" */;
			buildPhases = (
				B04840DB2CB1CBB60037110A /* Sources */,
				B04840DC2CB1CBB60037110A /* Frameworks */,
				B04840DD2CB1CBB60037110A /* Resources */,
			);
			buildRules = (
			);
			dependencies = (
				B04840E12CB1CBB60037110A /* PBXTargetDependency */,
			);
			fileSystemSynchronizedGroups = (
				B04840E22CB1CBB60037110A /* giftAppUITests */,
			);
			name = giftAppUITests;
			packageProductDependencies = (
			);
			productName = giftAppUITests;
			productReference = B04840DF2CB1CBB60037110A /* giftAppUITests.xctest */;
			productType = "com.apple.product-type.bundle.ui-testing";
		};
/* End PBXNativeTarget section */

/* Begin PBXProject section */
		B04840BD2CB1CBB40037110A /* Project object */ = {
			isa = PBXProject;
			attributes = {
				BuildIndependentTargetsInParallel = 1;
				LastSwiftUpdateCheck = 1600;
				LastUpgradeCheck = 1600;
				TargetAttributes = {
					B04840C42CB1CBB40037110A = {
						CreatedOnToolsVersion = 16.0;
					};
					B04840D42CB1CBB60037110A = {
						CreatedOnToolsVersion = 16.0;
						TestTargetID = B04840C42CB1CBB40037110A;
					};
					B04840DE2CB1CBB60037110A = {
						CreatedOnToolsVersion = 16.0;
						TestTargetID = B04840C42CB1CBB40037110A;
					};
				};
			};
			buildConfigurationList = B04840C02CB1CBB40037110A /* Build configuration list for PBXProject "giftApp" */;
			developmentRegion = en;
			hasScannedForEncodings = 0;
			knownRegions = (
				en,
				Base,
			);
			mainGroup = B04840BC2CB1CBB40037110A;
			minimizedProjectReferenceProxies = 1;
			packageReferences = (
				B04840F22CB1CDCF0037110A /* XCRemoteSwiftPackageReference "firebase-ios-sdk" */,
				B0A6026C2CBC799B00EA9780 /* XCRemoteSwiftPackageReference "GoogleSignIn-iOS" */,
			);
			preferredProjectObjectVersion = 77;
			productRefGroup = B04840C62CB1CBB40037110A /* Products */;
			projectDirPath = "";
			projectRoot = "";
			targets = (
				B04840C42CB1CBB40037110A /* giftApp */,
				B04840D42CB1CBB60037110A /* giftAppTests */,
				B04840DE2CB1CBB60037110A /* giftAppUITests */,
			);
		};
/* End PBXProject section */

/* Begin PBXResourcesBuildPhase section */
		B04840C32CB1CBB40037110A /* Resources */ = {
			isa = PBXResourcesBuildPhase;
			buildActionMask = 2147483647;
			files = (
				B005966A2CB1F0E100F74C36 /* .env in Resources */,
				B00596662CB1EFA600F74C36 /* .gitignore in Resources */,
				B0A602732CBC7DAE00EA9780 /* GoogleService-Info.plist in Resources */,
			);
			runOnlyForDeploymentPostprocessing = 0;
		};
		B04840D32CB1CBB60037110A /* Resources */ = {
			isa = PBXResourcesBuildPhase;
			buildActionMask = 2147483647;
			files = (
				B0A602742CBC7DAE00EA9780 /* GoogleService-Info.plist in Resources */,
			);
			runOnlyForDeploymentPostprocessing = 0;
		};
		B04840DD2CB1CBB60037110A /* Resources */ = {
			isa = PBXResourcesBuildPhase;
			buildActionMask = 2147483647;
			files = (
				B0A602722CBC7DAE00EA9780 /* GoogleService-Info.plist in Resources */,
			);
			runOnlyForDeploymentPostprocessing = 0;
		};
/* End PBXResourcesBuildPhase section */

/* Begin PBXSourcesBuildPhase section */
		B04840C12CB1CBB40037110A /* Sources */ = {
			isa = PBXSourcesBuildPhase;
			buildActionMask = 2147483647;
			files = (
			);
			runOnlyForDeploymentPostprocessing = 0;
		};
		B04840D12CB1CBB60037110A /* Sources */ = {
			isa = PBXSourcesBuildPhase;
			buildActionMask = 2147483647;
			files = (
			);
			runOnlyForDeploymentPostprocessing = 0;
		};
		B04840DB2CB1CBB60037110A /* Sources */ = {
			isa = PBXSourcesBuildPhase;
			buildActionMask = 2147483647;
			files = (
			);
			runOnlyForDeploymentPostprocessing = 0;
		};
/* End PBXSourcesBuildPhase section */

/* Begin PBXTargetDependency section */
		B04840D72CB1CBB60037110A /* PBXTargetDependency */ = {
			isa = PBXTargetDependency;
			target = B04840C42CB1CBB40037110A /* giftApp */;
			targetProxy = B04840D62CB1CBB60037110A /* PBXContainerItemProxy */;
		};
		B04840E12CB1CBB60037110A /* PBXTargetDependency */ = {
			isa = PBXTargetDependency;
			target = B04840C42CB1CBB40037110A /* giftApp */;
			targetProxy = B04840E02CB1CBB60037110A /* PBXContainerItemProxy */;
		};
/* End PBXTargetDependency section */

/* Begin XCBuildConfiguration section */
		B04840E72CB1CBB60037110A /* Debug */ = {
			isa = XCBuildConfiguration;
			buildSettings = {
				ALWAYS_SEARCH_USER_PATHS = NO;
				ASSETCATALOG_COMPILER_GENERATE_SWIFT_ASSET_SYMBOL_EXTENSIONS = YES;
				CLANG_ANALYZER_NONNULL = YES;
				CLANG_ANALYZER_NUMBER_OBJECT_CONVERSION = YES_AGGRESSIVE;
				CLANG_CXX_LANGUAGE_STANDARD = "gnu++20";
				CLANG_ENABLE_MODULES = YES;
				CLANG_ENABLE_OBJC_ARC = YES;
				CLANG_ENABLE_OBJC_WEAK = YES;
				CLANG_WARN_BLOCK_CAPTURE_AUTORELEASING = YES;
				CLANG_WARN_BOOL_CONVERSION = YES;
				CLANG_WARN_COMMA = YES;
				CLANG_WARN_CONSTANT_CONVERSION = YES;
				CLANG_WARN_DEPRECATED_OBJC_IMPLEMENTATIONS = YES;
				CLANG_WARN_DIRECT_OBJC_ISA_USAGE = YES_ERROR;
				CLANG_WARN_DOCUMENTATION_COMMENTS = YES;
				CLANG_WARN_EMPTY_BODY = YES;
				CLANG_WARN_ENUM_CONVERSION = YES;
				CLANG_WARN_INFINITE_RECURSION = YES;
				CLANG_WARN_INT_CONVERSION = YES;
				CLANG_WARN_NON_LITERAL_NULL_CONVERSION = YES;
				CLANG_WARN_OBJC_IMPLICIT_RETAIN_SELF = YES;
				CLANG_WARN_OBJC_LITERAL_CONVERSION = YES;
				CLANG_WARN_OBJC_ROOT_CLASS = YES_ERROR;
				CLANG_WARN_QUOTED_INCLUDE_IN_FRAMEWORK_HEADER = YES;
				CLANG_WARN_RANGE_LOOP_ANALYSIS = YES;
				CLANG_WARN_STRICT_PROTOTYPES = YES;
				CLANG_WARN_SUSPICIOUS_MOVE = YES;
				CLANG_WARN_UNGUARDED_AVAILABILITY = YES_AGGRESSIVE;
				CLANG_WARN_UNREACHABLE_CODE = YES;
				CLANG_WARN__DUPLICATE_METHOD_MATCH = YES;
				COPY_PHASE_STRIP = NO;
				DEBUG_INFORMATION_FORMAT = dwarf;
				ENABLE_STRICT_OBJC_MSGSEND = YES;
				ENABLE_TESTABILITY = YES;
				ENABLE_USER_SCRIPT_SANDBOXING = YES;
				GCC_C_LANGUAGE_STANDARD = gnu17;
				GCC_DYNAMIC_NO_PIC = NO;
				GCC_NO_COMMON_BLOCKS = YES;
				GCC_OPTIMIZATION_LEVEL = 0;
				GCC_PREPROCESSOR_DEFINITIONS = (
					"DEBUG=1",
					"$(inherited)",
				);
				GCC_WARN_64_TO_32_BIT_CONVERSION = YES;
				GCC_WARN_ABOUT_RETURN_TYPE = YES_ERROR;
				GCC_WARN_UNDECLARED_SELECTOR = YES;
				GCC_WARN_UNINITIALIZED_AUTOS = YES_AGGRESSIVE;
				GCC_WARN_UNUSED_FUNCTION = YES;
				GCC_WARN_UNUSED_VARIABLE = YES;
				IPHONEOS_DEPLOYMENT_TARGET = 18.0;
				LOCALIZATION_PREFERS_STRING_CATALOGS = YES;
				MTL_ENABLE_DEBUG_INFO = INCLUDE_SOURCE;
				MTL_FAST_MATH = YES;
				ONLY_ACTIVE_ARCH = YES;
				SDKROOT = iphoneos;
				SWIFT_ACTIVE_COMPILATION_CONDITIONS = "DEBUG $(inherited)";
				SWIFT_OPTIMIZATION_LEVEL = "-Onone";
			};
			name = Debug;
		};
		B04840E82CB1CBB60037110A /* Release */ = {
			isa = XCBuildConfiguration;
			buildSettings = {
				ALWAYS_SEARCH_USER_PATHS = NO;
				ASSETCATALOG_COMPILER_GENERATE_SWIFT_ASSET_SYMBOL_EXTENSIONS = YES;
				CLANG_ANALYZER_NONNULL = YES;
				CLANG_ANALYZER_NUMBER_OBJECT_CONVERSION = YES_AGGRESSIVE;
				CLANG_CXX_LANGUAGE_STANDARD = "gnu++20";
				CLANG_ENABLE_MODULES = YES;
				CLANG_ENABLE_OBJC_ARC = YES;
				CLANG_ENABLE_OBJC_WEAK = YES;
				CLANG_WARN_BLOCK_CAPTURE_AUTORELEASING = YES;
				CLANG_WARN_BOOL_CONVERSION = YES;
				CLANG_WARN_COMMA = YES;
				CLANG_WARN_CONSTANT_CONVERSION = YES;
				CLANG_WARN_DEPRECATED_OBJC_IMPLEMENTATIONS = YES;
				CLANG_WARN_DIRECT_OBJC_ISA_USAGE = YES_ERROR;
				CLANG_WARN_DOCUMENTATION_COMMENTS = YES;
				CLANG_WARN_EMPTY_BODY = YES;
				CLANG_WARN_ENUM_CONVERSION = YES;
				CLANG_WARN_INFINITE_RECURSION = YES;
				CLANG_WARN_INT_CONVERSION = YES;
				CLANG_WARN_NON_LITERAL_NULL_CONVERSION = YES;
				CLANG_WARN_OBJC_IMPLICIT_RETAIN_SELF = YES;
				CLANG_WARN_OBJC_LITERAL_CONVERSION = YES;
				CLANG_WARN_OBJC_ROOT_CLASS = YES_ERROR;
				CLANG_WARN_QUOTED_INCLUDE_IN_FRAMEWORK_HEADER = YES;
				CLANG_WARN_RANGE_LOOP_ANALYSIS = YES;
				CLANG_WARN_STRICT_PROTOTYPES = YES;
				CLANG_WARN_SUSPICIOUS_MOVE = YES;
				CLANG_WARN_UNGUARDED_AVAILABILITY = YES_AGGRESSIVE;
				CLANG_WARN_UNREACHABLE_CODE = YES;
				CLANG_WARN__DUPLICATE_METHOD_MATCH = YES;
				COPY_PHASE_STRIP = NO;
				DEBUG_INFORMATION_FORMAT = "dwarf-with-dsym";
				ENABLE_NS_ASSERTIONS = NO;
				ENABLE_STRICT_OBJC_MSGSEND = YES;
				ENABLE_USER_SCRIPT_SANDBOXING = YES;
				GCC_C_LANGUAGE_STANDARD = gnu17;
				GCC_NO_COMMON_BLOCKS = YES;
				GCC_WARN_64_TO_32_BIT_CONVERSION = YES;
				GCC_WARN_ABOUT_RETURN_TYPE = YES_ERROR;
				GCC_WARN_UNDECLARED_SELECTOR = YES;
				GCC_WARN_UNINITIALIZED_AUTOS = YES_AGGRESSIVE;
				GCC_WARN_UNUSED_FUNCTION = YES;
				GCC_WARN_UNUSED_VARIABLE = YES;
				IPHONEOS_DEPLOYMENT_TARGET = 18.0;
				LOCALIZATION_PREFERS_STRING_CATALOGS = YES;
				MTL_ENABLE_DEBUG_INFO = NO;
				MTL_FAST_MATH = YES;
				SDKROOT = iphoneos;
				SWIFT_COMPILATION_MODE = wholemodule;
				VALIDATE_PRODUCT = YES;
			};
			name = Release;
		};
		B04840EA2CB1CBB60037110A /* Debug */ = {
			isa = XCBuildConfiguration;
			buildSettings = {
				ASSETCATALOG_COMPILER_APPICON_NAME = AppIcon;
				ASSETCATALOG_COMPILER_GLOBAL_ACCENT_COLOR_NAME = AccentColor;
				CODE_SIGN_STYLE = Automatic;
				CURRENT_PROJECT_VERSION = 1;
				DEVELOPMENT_ASSET_PATHS = "\"giftApp/Preview Content\"";
				ENABLE_PREVIEWS = YES;
				GENERATE_INFOPLIST_FILE = YES;
				INFOPLIST_FILE = giftApp/Info.plist;
				INFOPLIST_KEY_UIApplicationSceneManifest_Generation = YES;
				INFOPLIST_KEY_UIApplicationSupportsIndirectInputEvents = YES;
				INFOPLIST_KEY_UILaunchScreen_Generation = YES;
				INFOPLIST_KEY_UISupportedInterfaceOrientations_iPad = "UIInterfaceOrientationPortrait UIInterfaceOrientationPortraitUpsideDown UIInterfaceOrientationLandscapeLeft UIInterfaceOrientationLandscapeRight";
				INFOPLIST_KEY_UISupportedInterfaceOrientations_iPhone = "UIInterfaceOrientationPortrait UIInterfaceOrientationLandscapeLeft UIInterfaceOrientationLandscapeRight";
				LD_RUNPATH_SEARCH_PATHS = (
					"$(inherited)",
					"@executable_path/Frameworks",
				);
				MARKETING_VERSION = 1.0;
				OTHER_LDFLAGS = "-ObjC";
				PRODUCT_BUNDLE_IDENTIFIER = CS3750.giftApp;
				PRODUCT_NAME = "$(TARGET_NAME)";
				SWIFT_EMIT_LOC_STRINGS = YES;
				SWIFT_VERSION = 5.0;
				TARGETED_DEVICE_FAMILY = "1,2";
			};
			name = Debug;
		};
		B04840EB2CB1CBB60037110A /* Release */ = {
			isa = XCBuildConfiguration;
			buildSettings = {
				ASSETCATALOG_COMPILER_APPICON_NAME = AppIcon;
				ASSETCATALOG_COMPILER_GLOBAL_ACCENT_COLOR_NAME = AccentColor;
				CODE_SIGN_STYLE = Automatic;
				CURRENT_PROJECT_VERSION = 1;
				DEVELOPMENT_ASSET_PATHS = "\"giftApp/Preview Content\"";
				ENABLE_PREVIEWS = YES;
				GENERATE_INFOPLIST_FILE = YES;
				INFOPLIST_FILE = giftApp/Info.plist;
				INFOPLIST_KEY_UIApplicationSceneManifest_Generation = YES;
				INFOPLIST_KEY_UIApplicationSupportsIndirectInputEvents = YES;
				INFOPLIST_KEY_UILaunchScreen_Generation = YES;
				INFOPLIST_KEY_UISupportedInterfaceOrientations_iPad = "UIInterfaceOrientationPortrait UIInterfaceOrientationPortraitUpsideDown UIInterfaceOrientationLandscapeLeft UIInterfaceOrientationLandscapeRight";
				INFOPLIST_KEY_UISupportedInterfaceOrientations_iPhone = "UIInterfaceOrientationPortrait UIInterfaceOrientationLandscapeLeft UIInterfaceOrientationLandscapeRight";
				LD_RUNPATH_SEARCH_PATHS = (
					"$(inherited)",
					"@executable_path/Frameworks",
				);
				MARKETING_VERSION = 1.0;
				OTHER_LDFLAGS = "-ObjC";
				PRODUCT_BUNDLE_IDENTIFIER = CS3750.giftApp;
				PRODUCT_NAME = "$(TARGET_NAME)";
				SWIFT_EMIT_LOC_STRINGS = YES;
				SWIFT_VERSION = 5.0;
				TARGETED_DEVICE_FAMILY = "1,2";
			};
			name = Release;
		};
		B04840ED2CB1CBB60037110A /* Debug */ = {
			isa = XCBuildConfiguration;
			buildSettings = {
				BUNDLE_LOADER = "$(TEST_HOST)";
				CODE_SIGN_STYLE = Automatic;
				CURRENT_PROJECT_VERSION = 1;
				GENERATE_INFOPLIST_FILE = YES;
				IPHONEOS_DEPLOYMENT_TARGET = 18.0;
				MARKETING_VERSION = 1.0;
				PRODUCT_BUNDLE_IDENTIFIER = CS3750.giftAppTests;
				PRODUCT_NAME = "$(TARGET_NAME)";
				SWIFT_EMIT_LOC_STRINGS = NO;
				SWIFT_VERSION = 5.0;
				TARGETED_DEVICE_FAMILY = "1,2";
				TEST_HOST = "$(BUILT_PRODUCTS_DIR)/giftApp.app/$(BUNDLE_EXECUTABLE_FOLDER_PATH)/giftApp";
			};
			name = Debug;
		};
		B04840EE2CB1CBB60037110A /* Release */ = {
			isa = XCBuildConfiguration;
			buildSettings = {
				BUNDLE_LOADER = "$(TEST_HOST)";
				CODE_SIGN_STYLE = Automatic;
				CURRENT_PROJECT_VERSION = 1;
				GENERATE_INFOPLIST_FILE = YES;
				IPHONEOS_DEPLOYMENT_TARGET = 18.0;
				MARKETING_VERSION = 1.0;
				PRODUCT_BUNDLE_IDENTIFIER = CS3750.giftAppTests;
				PRODUCT_NAME = "$(TARGET_NAME)";
				SWIFT_EMIT_LOC_STRINGS = NO;
				SWIFT_VERSION = 5.0;
				TARGETED_DEVICE_FAMILY = "1,2";
				TEST_HOST = "$(BUILT_PRODUCTS_DIR)/giftApp.app/$(BUNDLE_EXECUTABLE_FOLDER_PATH)/giftApp";
			};
			name = Release;
		};
		B04840F02CB1CBB60037110A /* Debug */ = {
			isa = XCBuildConfiguration;
			buildSettings = {
				CODE_SIGN_STYLE = Automatic;
				CURRENT_PROJECT_VERSION = 1;
				GENERATE_INFOPLIST_FILE = YES;
				MARKETING_VERSION = 1.0;
				PRODUCT_BUNDLE_IDENTIFIER = CS3750.giftAppUITests;
				PRODUCT_NAME = "$(TARGET_NAME)";
				SWIFT_EMIT_LOC_STRINGS = NO;
				SWIFT_VERSION = 5.0;
				TARGETED_DEVICE_FAMILY = "1,2";
				TEST_TARGET_NAME = giftApp;
			};
			name = Debug;
		};
		B04840F12CB1CBB60037110A /* Release */ = {
			isa = XCBuildConfiguration;
			buildSettings = {
				CODE_SIGN_STYLE = Automatic;
				CURRENT_PROJECT_VERSION = 1;
				GENERATE_INFOPLIST_FILE = YES;
				MARKETING_VERSION = 1.0;
				PRODUCT_BUNDLE_IDENTIFIER = CS3750.giftAppUITests;
				PRODUCT_NAME = "$(TARGET_NAME)";
				SWIFT_EMIT_LOC_STRINGS = NO;
				SWIFT_VERSION = 5.0;
				TARGETED_DEVICE_FAMILY = "1,2";
				TEST_TARGET_NAME = giftApp;
			};
			name = Release;
		};
/* End XCBuildConfiguration section */

/* Begin XCConfigurationList section */
		B04840C02CB1CBB40037110A /* Build configuration list for PBXProject "giftApp" */ = {
			isa = XCConfigurationList;
			buildConfigurations = (
				B04840E72CB1CBB60037110A /* Debug */,
				B04840E82CB1CBB60037110A /* Release */,
			);
			defaultConfigurationIsVisible = 0;
			defaultConfigurationName = Release;
		};
		B04840E92CB1CBB60037110A /* Build configuration list for PBXNativeTarget "giftApp" */ = {
			isa = XCConfigurationList;
			buildConfigurations = (
				B04840EA2CB1CBB60037110A /* Debug */,
				B04840EB2CB1CBB60037110A /* Release */,
			);
			defaultConfigurationIsVisible = 0;
			defaultConfigurationName = Release;
		};
		B04840EC2CB1CBB60037110A /* Build configuration list for PBXNativeTarget "giftAppTests" */ = {
			isa = XCConfigurationList;
			buildConfigurations = (
				B04840ED2CB1CBB60037110A /* Debug */,
				B04840EE2CB1CBB60037110A /* Release */,
			);
			defaultConfigurationIsVisible = 0;
			defaultConfigurationName = Release;
		};
		B04840EF2CB1CBB60037110A /* Build configuration list for PBXNativeTarget "giftAppUITests" */ = {
			isa = XCConfigurationList;
			buildConfigurations = (
				B04840F02CB1CBB60037110A /* Debug */,
				B04840F12CB1CBB60037110A /* Release */,
			);
			defaultConfigurationIsVisible = 0;
			defaultConfigurationName = Release;
		};
/* End XCConfigurationList section */

/* Begin XCRemoteSwiftPackageReference section */
		B04840F22CB1CDCF0037110A /* XCRemoteSwiftPackageReference "firebase-ios-sdk" */ = {
			isa = XCRemoteSwiftPackageReference;
			repositoryURL = "https://github.com/firebase/firebase-ios-sdk";
			requirement = {
				kind = upToNextMajorVersion;
				minimumVersion = 11.3.0;
			};
		};
		B0A6026C2CBC799B00EA9780 /* XCRemoteSwiftPackageReference "GoogleSignIn-iOS" */ = {
			isa = XCRemoteSwiftPackageReference;
			repositoryURL = "https://github.com/google/GoogleSignIn-iOS.git";
			requirement = {
				kind = upToNextMajorVersion;
				minimumVersion = 8.0.0;
			};
		};
/* End XCRemoteSwiftPackageReference section */

/* Begin XCSwiftPackageProductDependency section */
		B04840F32CB1CDCF0037110A /* FirebaseAuth */ = {
			isa = XCSwiftPackageProductDependency;
			package = B04840F22CB1CDCF0037110A /* XCRemoteSwiftPackageReference "firebase-ios-sdk" */;
			productName = FirebaseAuth;
		};
		B04840F52CB1CDCF0037110A /* FirebaseCore */ = {
			isa = XCSwiftPackageProductDependency;
			package = B04840F22CB1CDCF0037110A /* XCRemoteSwiftPackageReference "firebase-ios-sdk" */;
			productName = FirebaseCore;
		};
		B04840F72CB1CDCF0037110A /* FirebaseFirestore */ = {
			isa = XCSwiftPackageProductDependency;
			package = B04840F22CB1CDCF0037110A /* XCRemoteSwiftPackageReference "firebase-ios-sdk" */;
			productName = FirebaseFirestore;
		};
		B0A6026D2CBC799B00EA9780 /* GoogleSignIn */ = {
			isa = XCSwiftPackageProductDependency;
			package = B0A6026C2CBC799B00EA9780 /* XCRemoteSwiftPackageReference "GoogleSignIn-iOS" */;
			productName = GoogleSignIn;
		};
		B0A6026F2CBC799B00EA9780 /* GoogleSignInSwift */ = {
			isa = XCSwiftPackageProductDependency;
			package = B0A6026C2CBC799B00EA9780 /* XCRemoteSwiftPackageReference "GoogleSignIn-iOS" */;
			productName = GoogleSignInSwift;
		};
/* End XCSwiftPackageProductDependency section */
	};
	rootObject = B04840BD2CB1CBB40037110A /* Project object */;
}
